{
  "name": "Econsult",
  "lockfileVersion": 3,
  "requires": true,
  "packages": {
    "": {
      "dependencies": {
        "accessible-autocomplete": "^3.0.1",
        "typescript": "^5.9.3"
      }
    },
    "node_modules/accessible-autocomplete": {
      "version": "3.0.1",
      "resolved": "https://registry.npmjs.org/accessible-autocomplete/-/accessible-autocomplete-3.0.1.tgz",
      "integrity": "sha512-xMshgc2LT5addvvfCTGzIkRrvhbOFeylFSnSMfS/PdjvvvElZkakCwxO3/yJYBWyi1hi3tZloqOJQ5kqqJtH4g==",
      "license": "MIT",
      "peerDependencies": {
        "preact": "^8.0.0"
      },
      "peerDependenciesMeta": {
        "preact": {
          "optional": true
        }
      }
    },
    "node_modules/typescript": {
      "version": "5.9.3",
      "resolved": "https://registry.npmjs.org/typescript/-/typescript-5.9.3.tgz",
      "integrity": "sha512-jl1vZzPDinLr9eUt3J/t7V6FgNEw9QjvBPdysz9KfQDD41fQrC2Y4vKQdiaUpFT4bXlb1RHhLpp8wtm6M5TgSw==",
      "license": "Apache-2.0",
      "bin": {
        "tsc": "bin/tsc",
        "tsserver": "bin/tsserver"
      },
      "engines": {
        "node": ">=14.17"
      }
    }
  }
}
